{
  "name": "nextjs",
  "version": "0.1.0",
  "lockfileVersion": 3,
  "requires": true,
  "packages": {
    "": {
      "name": "nextjs",
      "version": "0.1.0",
      "dependencies": {
        "openai": "^3.3.0"
      }
    },
    "node_modules/openai": {
      "version": "3.3.0",
      "resolved": "https://registry.npmjs.org/openai/-/openai-3.3.0.tgz",
      "integrity": "sha512-WpIYuGKv7uVtf6AK6b9Zk2STTZDkqHHMeZtECJkZJHRQTXjNChvUyz6QkLQq4kSA9tVX+Uk8+UMd/jBR+x3fhA==",
      "engines": {
        "node": ">=14"
      }
    }
  },
  "dependencies": {
    "openai": {
      "version": "3.3.0",
      "resolved": "https://registry.npmjs.org/openai/-/openai-3.3.0.tgz",
      "integrity": "sha512-WpIYuGKv7uVtf6AK6b9Zk2STTZDkqHHMeZtECJkZJHRQTXjNChvUyz6QkLQq4kSA9tVX+Uk8+UMd/jBR+x3fhA=="
    }
  }
}
